
Microsoft Visual Studio Solution File, Format Version 12.00
# Visual Studio Version 17
VisualStudioVersion = 17.9.34622.214
MinimumVisualStudioVersion = 10.0.40219.1
Project("{FAE04EC0-301F-11D3-BF4B-00C04F79EFBC}") = "Calculator", "Calculator\Calculator.csproj", "{28F0C94A-E2DD-4F97-AFA5-EF2E06A68B33}"
EndProject
Global
	GlobalSection(SolutionConfigurationPlatforms) = preSolution
		Debug|Any CPU = Debug|Any CPU
		Release|Any CPU = Release|Any CPU
	EndGlobalSection
	GlobalSection(ProjectConfigurationPlatforms) = postSolution
		{28F0C94A-E2DD-4F97-AFA5-EF2E06A68B33}.Debug|Any CPU.ActiveCfg = Debug|Any CPU
		{28F0C94A-E2DD-4F97-AFA5-EF2E06A68B33}.Debug|Any CPU.Build.0 = Debug|Any CPU
		{28F0C94A-E2DD-4F97-AFA5-EF2E06A68B33}.Release|Any CPU.ActiveCfg = Release|Any CPU
		{28F0C94A-E2DD-4F97-AFA5-EF2E06A68B33}.Release|Any CPU.Build.0 = Release|Any CPU
	EndGlobalSection
	GlobalSection(SolutionProperties) = preSolution
		HideSolutionNode = FALSE
	EndGlobalSection
	GlobalSection(ExtensibilityGlobals) = postSolution
		SolutionGuid = {F3FB72B0-695E-474D-A00C-1BA576A026C9}
	EndGlobalSection
EndGlobal
